{
  "name": "tool-cli",
  "version": "1.0.0",
  "lockfileVersion": 2,
  "requires": true,
  "packages": {
    "": {
      "name": "tool-cli",
      "version": "1.0.0",
      "license": "MIT",
      "workspaces": [
        "core",
        "lib"
      ],
      "dependencies": {
        "@tool-cli/core": "file: core"
      },
      "bin": {
        "tool": "bin/index.js"
      }
    },
    "core": {
      "name": "@tool-cli/core",
      "version": "1.0.0",
      "license": "MIT",
      "dependencies": {
        "@tool-cli/lib": "file:../lib"
      }
    },
    "lib": {
      "name": "@tool-cli/lib",
      "version": "1.0.0",
      "license": "MIT"
    },
    "node_modules/@tool-cli/core": {
      "resolved": "core",
      "link": true
    },
    "node_modules/@tool-cli/lib": {
      "resolved": "lib",
      "link": true
    }
  },
  "dependencies": {
    "@tool-cli/core": {
      "version": "file:core",
      "requires": {
        "@tool-cli/lib": "file:../lib"
      }
    },
    "@tool-cli/lib": {
      "version": "file:lib"
    }
  }
}
