# THIS IS AN AUTOGENERATED FILE. DO NOT EDIT THIS FILE DIRECTLY.
# yarn lockfile v1


"@tool-cli/core@file:/Users/jaylen/tool-cli/core":
  "resolved" "file:core"
  "version" "1.0.0"
  dependencies:
    "@tool-cli/lib" "file:../lib"

"@tool-cli/lib@file:../lib", "@tool-cli/lib@file:/Users/jaylen/tool-cli/lib":
  "resolved" "file:lib"
  "version" "1.0.0"
